{
  "name": "vgr-komponentkartan",
  "version": "7.3.4",
  "lockfileVersion": 1,
  "requires": true,
  "dependencies": {
    "smoothscroll-polyfill": {
      "version": "0.4.3",
      "resolved": "https://registry.npmjs.org/smoothscroll-polyfill/-/smoothscroll-polyfill-0.4.3.tgz",
      "integrity": "sha512-aUg0sY8XlWw9reC3VGlVdmC9W4K565alN4t8Cm50kULz53NB4GvsZbrinWPLqYqLolY60NBdqHDyh89MqDUc/Q=="
    }
  }
}
