{
  "name": "vgr-komponentkartan",
  "version": "7.3.7",
  "lockfileVersion": 1,
  "requires": true,
  "dependencies": {
    "ngx-perfect-scrollbar": {
      "version": "9.0.0",
      "resolved": "https://registry.npmjs.org/ngx-perfect-scrollbar/-/ngx-perfect-scrollbar-9.0.0.tgz",
      "integrity": "sha512-jiFrOLONf/w2PjSKkEjQeTnMdlMVcQgjzIrYcsor1HWTmE+95J2sZAd/WF4zoutbpIqfU8VQQoAp8HOa7U1c/g==",
      "requires": {
        "perfect-scrollbar": "1.5.0",
        "resize-observer-polyfill": "^1.5.0"
      }
    },
    "perfect-scrollbar": {
      "version": "1.5.0",
      "resolved": "https://registry.npmjs.org/perfect-scrollbar/-/perfect-scrollbar-1.5.0.tgz",
      "integrity": "sha512-NrNHJn5mUGupSiheBTy6x+6SXCFbLlm8fVZh9moIzw/LgqElN5q4ncR4pbCBCYuCJ8Kcl9mYM0NgDxvW+b4LxA=="
    },
    "resize-observer-polyfill": {
      "version": "1.5.1",
      "resolved": "https://registry.npmjs.org/resize-observer-polyfill/-/resize-observer-polyfill-1.5.1.tgz",
      "integrity": "sha512-LwZrotdHOo12nQuZlHEmtuXdqGoOD0OhaxopaNFxWzInpEgaLWoVuAMbTzixuosCx2nEG58ngzW3vxdWoxIgdg=="
    }
  }
}
